// !$*UTF8*$!
{
	archiveVersion = 1;
	classes = {
	};
	objectVersion = 52;
	objects = {

/* Begin PBXBuildFile section */
		05C164CB26C434AA00A28E53 /* PetstagramApp.swift in Sources */ = {isa = PBXBuildFile; fileRef = 05C164CA26C434AA00A28E53 /* PetstagramApp.swift */; };
		05C164CD26C434AA00A28E53 /* MainView.swift in Sources */ = {isa = PBXBuildFile; fileRef = 05C164CC26C434AA00A28E53 /* MainView.swift */; };
		05C164CF26C434AD00A28E53 /* Assets.xcassets in Resources */ = {isa = PBXBuildFile; fileRef = 05C164CE26C434AD00A28E53 /* Assets.xcassets */; };
		05C164D226C434AD00A28E53 /* Preview Assets.xcassets in Resources */ = {isa = PBXBuildFile; fileRef = 05C164D126C434AD00A28E53 /* Preview Assets.xcassets */; };
		05C164E826C434AE00A28E53 /* PetstagramUITests.swift in Sources */ = {isa = PBXBuildFile; fileRef = 05C164E726C434AE00A28E53 /* PetstagramUITests.swift */; };
		05C164F626C4367300A28E53 /* Post.swift in Sources */ = {isa = PBXBuildFile; fileRef = 05C164F526C4367300A28E53 /* Post.swift */; };
		05C164F826C4373B00A28E53 /* APIRequest.swift in Sources */ = {isa = PBXBuildFile; fileRef = 05C164F726C4373B00A28E53 /* APIRequest.swift */; };
		05C164FA26C4387D00A28E53 /* PostRequest.swift in Sources */ = {isa = PBXBuildFile; fileRef = 05C164F926C4387D00A28E53 /* PostRequest.swift */; };
		05C164FC26C4397F00A28E53 /* APIClient.swift in Sources */ = {isa = PBXBuildFile; fileRef = 05C164FB26C4397F00A28E53 /* APIClient.swift */; };
		05C164FE26C43ACF00A28E53 /* APIEnvironment.swift in Sources */ = {isa = PBXBuildFile; fileRef = 05C164FD26C43ACF00A28E53 /* APIEnvironment.swift */; };
		05C1650026C45A3100A28E53 /* PostRequestTests.swift in Sources */ = {isa = PBXBuildFile; fileRef = 05C164FF26C45A3100A28E53 /* PostRequestTests.swift */; };
		05C1650226C45A7A00A28E53 /* JsonData.swift in Sources */ = {isa = PBXBuildFile; fileRef = 05C1650126C45A7A00A28E53 /* JsonData.swift */; };
		05C1650426C461ED00A28E53 /* APIClientTests.swift in Sources */ = {isa = PBXBuildFile; fileRef = 05C1650326C461ED00A28E53 /* APIClientTests.swift */; };
		05C1650726C4669C00A28E53 /* Swifter in Frameworks */ = {isa = PBXBuildFile; productRef = 05C1650626C4669C00A28E53 /* Swifter */; };
		05C1650F26C485FC00A28E53 /* LoginSignupView.swift in Sources */ = {isa = PBXBuildFile; fileRef = 05C1650E26C485FC00A28E53 /* LoginSignupView.swift */; };
		05C1651226C4863C00A28E53 /* Color+Petstagram.swift in Sources */ = {isa = PBXBuildFile; fileRef = 05C1651126C4863C00A28E53 /* Color+Petstagram.swift */; };
		05C1651426C4868700A28E53 /* UserAuthentication.swift in Sources */ = {isa = PBXBuildFile; fileRef = 05C1651326C4868700A28E53 /* UserAuthentication.swift */; };
		05C1651626C486BA00A28E53 /* UserRequests.swift in Sources */ = {isa = PBXBuildFile; fileRef = 05C1651526C486BA00A28E53 /* UserRequests.swift */; };
		05C1651926C4A0CF00A28E53 /* CoolStoryregular.ttf in Resources */ = {isa = PBXBuildFile; fileRef = 05C1651826C4A0CF00A28E53 /* CoolStoryregular.ttf */; };
		05C1651D26C4A18500A28E53 /* AppTitle.swift in Sources */ = {isa = PBXBuildFile; fileRef = 05C1651C26C4A18500A28E53 /* AppTitle.swift */; };
		05C1652126C6DDB800A28E53 /* FeedView.swift in Sources */ = {isa = PBXBuildFile; fileRef = 05C1652026C6DDB800A28E53 /* FeedView.swift */; };
		05C1652326C6DE3500A28E53 /* Feed.swift in Sources */ = {isa = PBXBuildFile; fileRef = 05C1652226C6DE3500A28E53 /* Feed.swift */; };
		05C1652526C8175D00A28E53 /* FeedCell.swift in Sources */ = {isa = PBXBuildFile; fileRef = 05C1652426C8175D00A28E53 /* FeedCell.swift */; };
		05C1652926C8296F00A28E53 /* CommentCell.swift in Sources */ = {isa = PBXBuildFile; fileRef = 05C1652826C8296F00A28E53 /* CommentCell.swift */; };
		05C1652B26C8319100A28E53 /* UserData.swift in Sources */ = {isa = PBXBuildFile; fileRef = 05C1652A26C8319100A28E53 /* UserData.swift */; };
		05C1652E26C8377300A28E53 /* TakePhotoViewController.swift in Sources */ = {isa = PBXBuildFile; fileRef = 05C1652D26C8377300A28E53 /* TakePhotoViewController.swift */; };
/* End PBXBuildFile section */

/* Begin PBXContainerItemProxy section */
		05C164D926C434AD00A28E53 /* PBXContainerItemProxy */ = {
			isa = PBXContainerItemProxy;
			containerPortal = 05C164BF26C434AA00A28E53 /* Project object */;
			proxyType = 1;
			remoteGlobalIDString = 05C164C626C434AA00A28E53;
			remoteInfo = Petstagram;
		};
		05C164E426C434AE00A28E53 /* PBXContainerItemProxy */ = {
			isa = PBXContainerItemProxy;
			containerPortal = 05C164BF26C434AA00A28E53 /* Project object */;
			proxyType = 1;
			remoteGlobalIDString = 05C164C626C434AA00A28E53;
			remoteInfo = Petstagram;
		};
/* End PBXContainerItemProxy section */

/* Begin PBXFileReference section */
		05C164C726C434AA00A28E53 /* Petstagram.app */ = {isa = PBXFileReference; explicitFileType = wrapper.application; includeInIndex = 0; path = Petstagram.app; sourceTree = BUILT_PRODUCTS_DIR; };
		05C164CA26C434AA00A28E53 /* PetstagramApp.swift */ = {isa = PBXFileReference; lastKnownFileType = sourcecode.swift; path = PetstagramApp.swift; sourceTree = "<group>"; };
		05C164CC26C434AA00A28E53 /* MainView.swift */ = {isa = PBXFileReference; lastKnownFileType = sourcecode.swift; path = MainView.swift; sourceTree = "<group>"; };
		05C164CE26C434AD00A28E53 /* Assets.xcassets */ = {isa = PBXFileReference; lastKnownFileType = folder.assetcatalog; path = Assets.xcassets; sourceTree = "<group>"; };
		05C164D126C434AD00A28E53 /* Preview Assets.xcassets */ = {isa = PBXFileReference; lastKnownFileType = folder.assetcatalog; path = "Preview Assets.xcassets"; sourceTree = "<group>"; };
		05C164D326C434AD00A28E53 /* Info.plist */ = {isa = PBXFileReference; lastKnownFileType = text.plist.xml; path = Info.plist; sourceTree = "<group>"; };
		05C164D826C434AD00A28E53 /* PetstagramTests.xctest */ = {isa = PBXFileReference; explicitFileType = wrapper.cfbundle; includeInIndex = 0; path = PetstagramTests.xctest; sourceTree = BUILT_PRODUCTS_DIR; };
		05C164DE26C434AD00A28E53 /* Info.plist */ = {isa = PBXFileReference; lastKnownFileType = text.plist.xml; path = Info.plist; sourceTree = "<group>"; };
		05C164E326C434AE00A28E53 /* PetstagramUITests.xctest */ = {isa = PBXFileReference; explicitFileType = wrapper.cfbundle; includeInIndex = 0; path = PetstagramUITests.xctest; sourceTree = BUILT_PRODUCTS_DIR; };
		05C164E726C434AE00A28E53 /* PetstagramUITests.swift */ = {isa = PBXFileReference; lastKnownFileType = sourcecode.swift; path = PetstagramUITests.swift; sourceTree = "<group>"; };
		05C164E926C434AE00A28E53 /* Info.plist */ = {isa = PBXFileReference; lastKnownFileType = text.plist.xml; path = Info.plist; sourceTree = "<group>"; };
		05C164F526C4367300A28E53 /* Post.swift */ = {isa = PBXFileReference; lastKnownFileType = sourcecode.swift; path = Post.swift; sourceTree = "<group>"; };
		05C164F726C4373B00A28E53 /* APIRequest.swift */ = {isa = PBXFileReference; lastKnownFileType = sourcecode.swift; path = APIRequest.swift; sourceTree = "<group>"; };
		05C164F926C4387D00A28E53 /* PostRequest.swift */ = {isa = PBXFileReference; lastKnownFileType = sourcecode.swift; path = PostRequest.swift; sourceTree = "<group>"; };
		05C164FB26C4397F00A28E53 /* APIClient.swift */ = {isa = PBXFileReference; lastKnownFileType = sourcecode.swift; path = APIClient.swift; sourceTree = "<group>"; };
		05C164FD26C43ACF00A28E53 /* APIEnvironment.swift */ = {isa = PBXFileReference; lastKnownFileType = sourcecode.swift; path = APIEnvironment.swift; sourceTree = "<group>"; };
		05C164FF26C45A3100A28E53 /* PostRequestTests.swift */ = {isa = PBXFileReference; lastKnownFileType = sourcecode.swift; path = PostRequestTests.swift; sourceTree = "<group>"; };
		05C1650126C45A7A00A28E53 /* JsonData.swift */ = {isa = PBXFileReference; lastKnownFileType = sourcecode.swift; path = JsonData.swift; sourceTree = "<group>"; };
		05C1650326C461ED00A28E53 /* APIClientTests.swift */ = {isa = PBXFileReference; lastKnownFileType = sourcecode.swift; path = APIClientTests.swift; sourceTree = "<group>"; };
		05C1650E26C485FC00A28E53 /* LoginSignupView.swift */ = {isa = PBXFileReference; lastKnownFileType = sourcecode.swift; path = LoginSignupView.swift; sourceTree = "<group>"; };
		05C1651126C4863C00A28E53 /* Color+Petstagram.swift */ = {isa = PBXFileReference; lastKnownFileType = sourcecode.swift; path = "Color+Petstagram.swift"; sourceTree = "<group>"; };
		05C1651326C4868700A28E53 /* UserAuthentication.swift */ = {isa = PBXFileReference; lastKnownFileType = sourcecode.swift; path = UserAuthentication.swift; sourceTree = "<group>"; };
		05C1651526C486BA00A28E53 /* UserRequests.swift */ = {isa = PBXFileReference; lastKnownFileType = sourcecode.swift; path = UserRequests.swift; sourceTree = "<group>"; };
		05C1651826C4A0CF00A28E53 /* CoolStoryregular.ttf */ = {isa = PBXFileReference; lastKnownFileType = file; path = CoolStoryregular.ttf; sourceTree = "<group>"; };
		05C1651C26C4A18500A28E53 /* AppTitle.swift */ = {isa = PBXFileReference; lastKnownFileType = sourcecode.swift; path = AppTitle.swift; sourceTree = "<group>"; };
		05C1652026C6DDB800A28E53 /* FeedView.swift */ = {isa = PBXFileReference; lastKnownFileType = sourcecode.swift; path = FeedView.swift; sourceTree = "<group>"; };
		05C1652226C6DE3500A28E53 /* Feed.swift */ = {isa = PBXFileReference; lastKnownFileType = sourcecode.swift; path = Feed.swift; sourceTree = "<group>"; };
		05C1652426C8175D00A28E53 /* FeedCell.swift */ = {isa = PBXFileReference; lastKnownFileType = sourcecode.swift; path = FeedCell.swift; sourceTree = "<group>"; };
		05C1652826C8296F00A28E53 /* CommentCell.swift */ = {isa = PBXFileReference; lastKnownFileType = sourcecode.swift; path = CommentCell.swift; sourceTree = "<group>"; };
		05C1652A26C8319100A28E53 /* UserData.swift */ = {isa = PBXFileReference; lastKnownFileType = sourcecode.swift; path = UserData.swift; sourceTree = "<group>"; };
		05C1652D26C8377300A28E53 /* TakePhotoViewController.swift */ = {isa = PBXFileReference; lastKnownFileType = sourcecode.swift; path = TakePhotoViewController.swift; sourceTree = "<group>"; };
/* End PBXFileReference section */

/* Begin PBXFrameworksBuildPhase section */
		05C164C426C434AA00A28E53 /* Frameworks */ = {
			isa = PBXFrameworksBuildPhase;
			buildActionMask = 2147483647;
			files = (
				05C1650726C4669C00A28E53 /* Swifter in Frameworks */,
			);
			runOnlyForDeploymentPostprocessing = 0;
		};
		05C164D526C434AD00A28E53 /* Frameworks */ = {
			isa = PBXFrameworksBuildPhase;
			buildActionMask = 2147483647;
			files = (
			);
			runOnlyForDeploymentPostprocessing = 0;
		};
		05C164E026C434AE00A28E53 /* Frameworks */ = {
			isa = PBXFrameworksBuildPhase;
			buildActionMask = 2147483647;
			files = (
			);
			runOnlyForDeploymentPostprocessing = 0;
		};
/* End PBXFrameworksBuildPhase section */

/* Begin PBXGroup section */
		05C164BE26C434AA00A28E53 = {
			isa = PBXGroup;
			children = (
				05C164C926C434AA00A28E53 /* Petstagram */,
				05C164DB26C434AD00A28E53 /* PetstagramTests */,
				05C164E626C434AE00A28E53 /* PetstagramUITests */,
				05C164C826C434AA00A28E53 /* Products */,
			);
			sourceTree = "<group>";
		};
		05C164C826C434AA00A28E53 /* Products */ = {
			isa = PBXGroup;
			children = (
				05C164C726C434AA00A28E53 /* Petstagram.app */,
				05C164D826C434AD00A28E53 /* PetstagramTests.xctest */,
				05C164E326C434AE00A28E53 /* PetstagramUITests.xctest */,
			);
			name = Products;
			sourceTree = "<group>";
		};
		05C164C926C434AA00A28E53 /* Petstagram */ = {
			isa = PBXGroup;
			children = (
				05C1650826C4823300A28E53 /* UI */,
				05C1650A26C4825E00A28E53 /* Service Layer */,
				05C1650D26C482A000A28E53 /* Supporting Files */,
			);
			path = Petstagram;
			sourceTree = "<group>";
		};
		05C164D026C434AD00A28E53 /* Preview Content */ = {
			isa = PBXGroup;
			children = (
				05C164D126C434AD00A28E53 /* Preview Assets.xcassets */,
			);
			path = "Preview Content";
			sourceTree = "<group>";
		};
		05C164DB26C434AD00A28E53 /* PetstagramTests */ = {
			isa = PBXGroup;
			children = (
				05C1650326C461ED00A28E53 /* APIClientTests.swift */,
				05C164FF26C45A3100A28E53 /* PostRequestTests.swift */,
				05C1650126C45A7A00A28E53 /* JsonData.swift */,
				05C164DE26C434AD00A28E53 /* Info.plist */,
			);
			path = PetstagramTests;
			sourceTree = "<group>";
		};
		05C164E626C434AE00A28E53 /* PetstagramUITests */ = {
			isa = PBXGroup;
			children = (
				05C164E726C434AE00A28E53 /* PetstagramUITests.swift */,
				05C164E926C434AE00A28E53 /* Info.plist */,
			);
			path = PetstagramUITests;
			sourceTree = "<group>";
		};
		05C1650826C4823300A28E53 /* UI */ = {
			isa = PBXGroup;
			children = (
				05C164CC26C434AA00A28E53 /* MainView.swift */,
				05C1652A26C8319100A28E53 /* UserData.swift */,
				05C1651E26C6DD8F00A28E53 /* Onboarding */,
				05C1651F26C6DDA000A28E53 /* Feed */,
				05C1652C26C8374A00A28E53 /* Post */,
				05C1651026C4860F00A28E53 /* Helpers */,
			);
			path = UI;
			sourceTree = "<group>";
		};
		05C1650926C4824700A28E53 /* Network Engine */ = {
			isa = PBXGroup;
			children = (
				05C164FB26C4397F00A28E53 /* APIClient.swift */,
				05C164F726C4373B00A28E53 /* APIRequest.swift */,
				05C164FD26C43ACF00A28E53 /* APIEnvironment.swift */,
			);
			path = "Network Engine";
			sourceTree = "<group>";
		};
		05C1650A26C4825E00A28E53 /* Service Layer */ = {
			isa = PBXGroup;
			children = (
				05C1650926C4824700A28E53 /* Network Engine */,
				05C1650B26C4828300A28E53 /* Models */,
				05C1650C26C4828F00A28E53 /* Requests */,
			);
			path = "Service Layer";
			sourceTree = "<group>";
		};
		05C1650B26C4828300A28E53 /* Models */ = {
			isa = PBXGroup;
			children = (
				05C1651326C4868700A28E53 /* UserAuthentication.swift */,
				05C164F526C4367300A28E53 /* Post.swift */,
				05C1652226C6DE3500A28E53 /* Feed.swift */,
			);
			path = Models;
			sourceTree = "<group>";
		};
		05C1650C26C4828F00A28E53 /* Requests */ = {
			isa = PBXGroup;
			children = (
				05C1651526C486BA00A28E53 /* UserRequests.swift */,
				05C164F926C4387D00A28E53 /* PostRequest.swift */,
			);
			path = Requests;
			sourceTree = "<group>";
		};
		05C1650D26C482A000A28E53 /* Supporting Files */ = {
			isa = PBXGroup;
			children = (
				05C164CA26C434AA00A28E53 /* PetstagramApp.swift */,
				05C164CE26C434AD00A28E53 /* Assets.xcassets */,
				05C164D326C434AD00A28E53 /* Info.plist */,
				05C1651826C4A0CF00A28E53 /* CoolStoryregular.ttf */,
				05C164D026C434AD00A28E53 /* Preview Content */,
			);
			path = "Supporting Files";
			sourceTree = "<group>";
		};
		05C1651026C4860F00A28E53 /* Helpers */ = {
			isa = PBXGroup;
			children = (
				05C1651C26C4A18500A28E53 /* AppTitle.swift */,
				05C1651126C4863C00A28E53 /* Color+Petstagram.swift */,
			);
			path = Helpers;
			sourceTree = "<group>";
		};
		05C1651E26C6DD8F00A28E53 /* Onboarding */ = {
			isa = PBXGroup;
			children = (
				05C1650E26C485FC00A28E53 /* LoginSignupView.swift */,
			);
			path = Onboarding;
			sourceTree = "<group>";
		};
		05C1651F26C6DDA000A28E53 /* Feed */ = {
			isa = PBXGroup;
			children = (
				05C1652026C6DDB800A28E53 /* FeedView.swift */,
				05C1652426C8175D00A28E53 /* FeedCell.swift */,
				05C1652826C8296F00A28E53 /* CommentCell.swift */,
			);
			path = Feed;
			sourceTree = "<group>";
		};
		05C1652C26C8374A00A28E53 /* Post */ = {
			isa = PBXGroup;
			children = (
				05C1652D26C8377300A28E53 /* TakePhotoViewController.swift */,
			);
			path = Post;
			sourceTree = "<group>";
		};
/* End PBXGroup section */

/* Begin PBXNativeTarget section */
		05C164C626C434AA00A28E53 /* Petstagram */ = {
			isa = PBXNativeTarget;
			buildConfigurationList = 05C164EC26C434AE00A28E53 /* Build configuration list for PBXNativeTarget "Petstagram" */;
			buildPhases = (
				05C164C326C434AA00A28E53 /* Sources */,
				05C164C426C434AA00A28E53 /* Frameworks */,
				05C164C526C434AA00A28E53 /* Resources */,
			);
			buildRules = (
			);
			dependencies = (
			);
			name = Petstagram;
			packageProductDependencies = (
				05C1650626C4669C00A28E53 /* Swifter */,
			);
			productName = Petstagram;
			productReference = 05C164C726C434AA00A28E53 /* Petstagram.app */;
			productType = "com.apple.product-type.application";
		};
		05C164D726C434AD00A28E53 /* PetstagramTests */ = {
			isa = PBXNativeTarget;
			buildConfigurationList = 05C164EF26C434AE00A28E53 /* Build configuration list for PBXNativeTarget "PetstagramTests" */;
			buildPhases = (
				05C164D426C434AD00A28E53 /* Sources */,
				05C164D526C434AD00A28E53 /* Frameworks */,
				05C164D626C434AD00A28E53 /* Resources */,
			);
			buildRules = (
			);
			dependencies = (
				05C164DA26C434AD00A28E53 /* PBXTargetDependency */,
			);
			name = PetstagramTests;
			productName = PetstagramTests;
			productReference = 05C164D826C434AD00A28E53 /* PetstagramTests.xctest */;
			productType = "com.apple.product-type.bundle.unit-test";
		};
		05C164E226C434AE00A28E53 /* PetstagramUITests */ = {
			isa = PBXNativeTarget;
			buildConfigurationList = 05C164F226C434AE00A28E53 /* Build configuration list for PBXNativeTarget "PetstagramUITests" */;
			buildPhases = (
				05C164DF26C434AE00A28E53 /* Sources */,
				05C164E026C434AE00A28E53 /* Frameworks */,
				05C164E126C434AE00A28E53 /* Resources */,
			);
			buildRules = (
			);
			dependencies = (
				05C164E526C434AE00A28E53 /* PBXTargetDependency */,
			);
			name = PetstagramUITests;
			productName = PetstagramUITests;
			productReference = 05C164E326C434AE00A28E53 /* PetstagramUITests.xctest */;
			productType = "com.apple.product-type.bundle.ui-testing";
		};
/* End PBXNativeTarget section */

/* Begin PBXProject section */
		05C164BF26C434AA00A28E53 /* Project object */ = {
			isa = PBXProject;
			attributes = {
				LastSwiftUpdateCheck = 1250;
				LastUpgradeCheck = 1250;
				TargetAttributes = {
					05C164C626C434AA00A28E53 = {
						CreatedOnToolsVersion = 12.5;
					};
					05C164D726C434AD00A28E53 = {
						CreatedOnToolsVersion = 12.5;
						LastSwiftMigration = 1250;
						TestTargetID = 05C164C626C434AA00A28E53;
					};
					05C164E226C434AE00A28E53 = {
						CreatedOnToolsVersion = 12.5;
						TestTargetID = 05C164C626C434AA00A28E53;
					};
				};
			};
			buildConfigurationList = 05C164C226C434AA00A28E53 /* Build configuration list for PBXProject "Petstagram" */;
			compatibilityVersion = "Xcode 9.3";
			developmentRegion = en;
			hasScannedForEncodings = 0;
			knownRegions = (
				en,
				Base,
			);
			mainGroup = 05C164BE26C434AA00A28E53;
			packageReferences = (
				05C1650526C4669C00A28E53 /* XCRemoteSwiftPackageReference "swifter" */,
			);
			productRefGroup = 05C164C826C434AA00A28E53 /* Products */;
			projectDirPath = "";
			projectRoot = "";
			targets = (
				05C164C626C434AA00A28E53 /* Petstagram */,
				05C164D726C434AD00A28E53 /* PetstagramTests */,
				05C164E226C434AE00A28E53 /* PetstagramUITests */,
			);
		};
/* End PBXProject section */

/* Begin PBXResourcesBuildPhase section */
		05C164C526C434AA00A28E53 /* Resources */ = {
			isa = PBXResourcesBuildPhase;
			buildActionMask = 2147483647;
			files = (
				05C1651926C4A0CF00A28E53 /* CoolStoryregular.ttf in Resources */,
				05C164D226C434AD00A28E53 /* Preview Assets.xcassets in Resources */,
				05C164CF26C434AD00A28E53 /* Assets.xcassets in Resources */,
			);
			runOnlyForDeploymentPostprocessing = 0;
		};
		05C164D626C434AD00A28E53 /* Resources */ = {
			isa = PBXResourcesBuildPhase;
			buildActionMask = 2147483647;
			files = (
			);
			runOnlyForDeploymentPostprocessing = 0;
		};
		05C164E126C434AE00A28E53 /* Resources */ = {
			isa = PBXResourcesBuildPhase;
			buildActionMask = 2147483647;
			files = (
			);
			runOnlyForDeploymentPostprocessing = 0;
		};
/* End PBXResourcesBuildPhase section */

/* Begin PBXSourcesBuildPhase section */
		05C164C326C434AA00A28E53 /* Sources */ = {
			isa = PBXSourcesBuildPhase;
			buildActionMask = 2147483647;
			files = (
				05C1651D26C4A18500A28E53 /* AppTitle.swift in Sources */,
				05C1651426C4868700A28E53 /* UserAuthentication.swift in Sources */,
				05C1651626C486BA00A28E53 /* UserRequests.swift in Sources */,
				05C1652326C6DE3500A28E53 /* Feed.swift in Sources */,
				05C1652E26C8377300A28E53 /* TakePhotoViewController.swift in Sources */,
				05C164F626C4367300A28E53 /* Post.swift in Sources */,
				05C164CD26C434AA00A28E53 /* MainView.swift in Sources */,
				05C1650F26C485FC00A28E53 /* LoginSignupView.swift in Sources */,
				05C164FE26C43ACF00A28E53 /* APIEnvironment.swift in Sources */,
				05C1651226C4863C00A28E53 /* Color+Petstagram.swift in Sources */,
				05C164FA26C4387D00A28E53 /* PostRequest.swift in Sources */,
				05C164F826C4373B00A28E53 /* APIRequest.swift in Sources */,
				05C1652526C8175D00A28E53 /* FeedCell.swift in Sources */,
				05C1652126C6DDB800A28E53 /* FeedView.swift in Sources */,
				05C1652B26C8319100A28E53 /* UserData.swift in Sources */,
				05C164CB26C434AA00A28E53 /* PetstagramApp.swift in Sources */,
				05C164FC26C4397F00A28E53 /* APIClient.swift in Sources */,
				05C1652926C8296F00A28E53 /* CommentCell.swift in Sources */,
			);
			runOnlyForDeploymentPostprocessing = 0;
		};
		05C164D426C434AD00A28E53 /* Sources */ = {
			isa = PBXSourcesBuildPhase;
			buildActionMask = 2147483647;
			files = (
				05C1650426C461ED00A28E53 /* APIClientTests.swift in Sources */,
				05C1650026C45A3100A28E53 /* PostRequestTests.swift in Sources */,
				05C1650226C45A7A00A28E53 /* JsonData.swift in Sources */,
			);
			runOnlyForDeploymentPostprocessing = 0;
		};
		05C164DF26C434AE00A28E53 /* Sources */ = {
			isa = PBXSourcesBuildPhase;
			buildActionMask = 2147483647;
			files = (
				05C164E826C434AE00A28E53 /* PetstagramUITests.swift in Sources */,
			);
			runOnlyForDeploymentPostprocessing = 0;
		};
/* End PBXSourcesBuildPhase section */

/* Begin PBXTargetDependency section */
		05C164DA26C434AD00A28E53 /* PBXTargetDependency */ = {
			isa = PBXTargetDependency;
			target = 05C164C626C434AA00A28E53 /* Petstagram */;
			targetProxy = 05C164D926C434AD00A28E53 /* PBXContainerItemProxy */;
		};
		05C164E526C434AE00A28E53 /* PBXTargetDependency */ = {
			isa = PBXTargetDependency;
			target = 05C164C626C434AA00A28E53 /* Petstagram */;
			targetProxy = 05C164E426C434AE00A28E53 /* PBXContainerItemProxy */;
		};
/* End PBXTargetDependency section */

/* Begin XCBuildConfiguration section */
		05C164EA26C434AE00A28E53 /* Debug */ = {
			isa = XCBuildConfiguration;
			buildSettings = {
				ALWAYS_SEARCH_USER_PATHS = NO;
				CLANG_ANALYZER_NONNULL = YES;
				CLANG_ANALYZER_NUMBER_OBJECT_CONVERSION = YES_AGGRESSIVE;
				CLANG_CXX_LANGUAGE_STANDARD = "gnu++14";
				CLANG_CXX_LIBRARY = "libc++";
				CLANG_ENABLE_MODULES = YES;
				CLANG_ENABLE_OBJC_ARC = YES;
				CLANG_ENABLE_OBJC_WEAK = YES;
				CLANG_WARN_BLOCK_CAPTURE_AUTORELEASING = YES;
				CLANG_WARN_BOOL_CONVERSION = YES;
				CLANG_WARN_COMMA = YES;
				CLANG_WARN_CONSTANT_CONVERSION = YES;
				CLANG_WARN_DEPRECATED_OBJC_IMPLEMENTATIONS = YES;
				CLANG_WARN_DIRECT_OBJC_ISA_USAGE = YES_ERROR;
				CLANG_WARN_DOCUMENTATION_COMMENTS = YES;
				CLANG_WARN_EMPTY_BODY = YES;
				CLANG_WARN_ENUM_CONVERSION = YES;
				CLANG_WARN_INFINITE_RECURSION = YES;
				CLANG_WARN_INT_CONVERSION = YES;
				CLANG_WARN_NON_LITERAL_NULL_CONVERSION = YES;
				CLANG_WARN_OBJC_IMPLICIT_RETAIN_SELF = YES;
				CLANG_WARN_OBJC_LITERAL_CONVERSION = YES;
				CLANG_WARN_OBJC_ROOT_CLASS = YES_ERROR;
				CLANG_WARN_QUOTED_INCLUDE_IN_FRAMEWORK_HEADER = YES;
				CLANG_WARN_RANGE_LOOP_ANALYSIS = YES;
				CLANG_WARN_STRICT_PROTOTYPES = YES;
				CLANG_WARN_SUSPICIOUS_MOVE = YES;
				CLANG_WARN_UNGUARDED_AVAILABILITY = YES_AGGRESSIVE;
				CLANG_WARN_UNREACHABLE_CODE = YES;
				CLANG_WARN__DUPLICATE_METHOD_MATCH = YES;
				COPY_PHASE_STRIP = NO;
				DEBUG_INFORMATION_FORMAT = dwarf;
				ENABLE_STRICT_OBJC_MSGSEND = YES;
				ENABLE_TESTABILITY = YES;
				GCC_C_LANGUAGE_STANDARD = gnu11;
				GCC_DYNAMIC_NO_PIC = NO;
				GCC_NO_COMMON_BLOCKS = YES;
				GCC_OPTIMIZATION_LEVEL = 0;
				GCC_PREPROCESSOR_DEFINITIONS = (
					"DEBUG=1",
					"$(inherited)",
				);
				GCC_WARN_64_TO_32_BIT_CONVERSION = YES;
				GCC_WARN_ABOUT_RETURN_TYPE = YES_ERROR;
				GCC_WARN_UNDECLARED_SELECTOR = YES;
				GCC_WARN_UNINITIALIZED_AUTOS = YES_AGGRESSIVE;
				GCC_WARN_UNUSED_FUNCTION = YES;
				GCC_WARN_UNUSED_VARIABLE = YES;
				INFOPLIST_FILE = "Petstagram/Supporting Files/Info.plist";
				IPHONEOS_DEPLOYMENT_TARGET = 14.5;
				MTL_ENABLE_DEBUG_INFO = INCLUDE_SOURCE;
				MTL_FAST_MATH = YES;
				ONLY_ACTIVE_ARCH = YES;
				SDKROOT = iphoneos;
				SWIFT_ACTIVE_COMPILATION_CONDITIONS = DEBUG;
				SWIFT_OPTIMIZATION_LEVEL = "-Onone";
			};
			name = Debug;
		};
		05C164EB26C434AE00A28E53 /* Release */ = {
			isa = XCBuildConfiguration;
			buildSettings = {
				ALWAYS_SEARCH_USER_PATHS = NO;
				CLANG_ANALYZER_NONNULL = YES;
				CLANG_ANALYZER_NUMBER_OBJECT_CONVERSION = YES_AGGRESSIVE;
				CLANG_CXX_LANGUAGE_STANDARD = "gnu++14";
				CLANG_CXX_LIBRARY = "libc++";
				CLANG_ENABLE_MODULES = YES;
				CLANG_ENABLE_OBJC_ARC = YES;
				CLANG_ENABLE_OBJC_WEAK = YES;
				CLANG_WARN_BLOCK_CAPTURE_AUTORELEASING = YES;
				CLANG_WARN_BOOL_CONVERSION = YES;
				CLANG_WARN_COMMA = YES;
				CLANG_WARN_CONSTANT_CONVERSION = YES;
				CLANG_WARN_DEPRECATED_OBJC_IMPLEMENTATIONS = YES;
				CLANG_WARN_DIRECT_OBJC_ISA_USAGE = YES_ERROR;
				CLANG_WARN_DOCUMENTATION_COMMENTS = YES;
				CLANG_WARN_EMPTY_BODY = YES;
				CLANG_WARN_ENUM_CONVERSION = YES;
				CLANG_WARN_INFINITE_RECURSION = YES;
				CLANG_WARN_INT_CONVERSION = YES;
				CLANG_WARN_NON_LITERAL_NULL_CONVERSION = YES;
				CLANG_WARN_OBJC_IMPLICIT_RETAIN_SELF = YES;
				CLANG_WARN_OBJC_LITERAL_CONVERSION = YES;
				CLANG_WARN_OBJC_ROOT_CLASS = YES_ERROR;
				CLANG_WARN_QUOTED_INCLUDE_IN_FRAMEWORK_HEADER = YES;
				CLANG_WARN_RANGE_LOOP_ANALYSIS = YES;
				CLANG_WARN_STRICT_PROTOTYPES = YES;
				CLANG_WARN_SUSPICIOUS_MOVE = YES;
				CLANG_WARN_UNGUARDED_AVAILABILITY = YES_AGGRESSIVE;
				CLANG_WARN_UNREACHABLE_CODE = YES;
				CLANG_WARN__DUPLICATE_METHOD_MATCH = YES;
				COPY_PHASE_STRIP = NO;
				DEBUG_INFORMATION_FORMAT = "dwarf-with-dsym";
				ENABLE_NS_ASSERTIONS = NO;
				ENABLE_STRICT_OBJC_MSGSEND = YES;
				GCC_C_LANGUAGE_STANDARD = gnu11;
				GCC_NO_COMMON_BLOCKS = YES;
				GCC_WARN_64_TO_32_BIT_CONVERSION = YES;
				GCC_WARN_ABOUT_RETURN_TYPE = YES_ERROR;
				GCC_WARN_UNDECLARED_SELECTOR = YES;
				GCC_WARN_UNINITIALIZED_AUTOS = YES_AGGRESSIVE;
				GCC_WARN_UNUSED_FUNCTION = YES;
				GCC_WARN_UNUSED_VARIABLE = YES;
				INFOPLIST_FILE = "Petstagram/Supporting Files/Info.plist";
				IPHONEOS_DEPLOYMENT_TARGET = 14.5;
				MTL_ENABLE_DEBUG_INFO = NO;
				MTL_FAST_MATH = YES;
				SDKROOT = iphoneos;
				SWIFT_COMPILATION_MODE = wholemodule;
				SWIFT_OPTIMIZATION_LEVEL = "-O";
				VALIDATE_PRODUCT = YES;
			};
			name = Release;
		};
		05C164ED26C434AE00A28E53 /* Debug */ = {
			isa = XCBuildConfiguration;
			buildSettings = {
				ASSETCATALOG_COMPILER_APPICON_NAME = AppIcon;
				ASSETCATALOG_COMPILER_GLOBAL_ACCENT_COLOR_NAME = AccentColor;
				CODE_SIGN_STYLE = Automatic;
				DEVELOPMENT_ASSET_PATHS = "\"Petstagram/Supporting Files/Preview Content\"";
				DEVELOPMENT_TEAM = 7YNF79H478;
				ENABLE_PREVIEWS = YES;
				INFOPLIST_FILE = "Petstagram/Supporting Files/Info.plist";
				IPHONEOS_DEPLOYMENT_TARGET = 14.0;
				LD_RUNPATH_SEARCH_PATHS = (
					"$(inherited)",
					"@executable_path/Frameworks",
				);
				PRODUCT_BUNDLE_IDENTIFIER = com.johnsmithcoder1.Petstagram;
				PRODUCT_NAME = "$(TARGET_NAME)";
				SWIFT_VERSION = 5.0;
				TARGETED_DEVICE_FAMILY = "1,2";
			};
			name = Debug;
		};
		05C164EE26C434AE00A28E53 /* Release */ = {
			isa = XCBuildConfiguration;
			buildSettings = {
				ASSETCATALOG_COMPILER_APPICON_NAME = AppIcon;
				ASSETCATALOG_COMPILER_GLOBAL_ACCENT_COLOR_NAME = AccentColor;
				CODE_SIGN_STYLE = Automatic;
				DEVELOPMENT_ASSET_PATHS = "\"Petstagram/Supporting Files/Preview Content\"";
				DEVELOPMENT_TEAM = 7YNF79H478;
				ENABLE_PREVIEWS = YES;
				INFOPLIST_FILE = "Petstagram/Supporting Files/Info.plist";
				IPHONEOS_DEPLOYMENT_TARGET = 14.0;
				LD_RUNPATH_SEARCH_PATHS = (
					"$(inherited)",
					"@executable_path/Frameworks",
				);
				PRODUCT_BUNDLE_IDENTIFIER = com.johnsmithcoder1.Petstagram;
				PRODUCT_NAME = "$(TARGET_NAME)";
				SWIFT_VERSION = 5.0;
				TARGETED_DEVICE_FAMILY = "1,2";
			};
			name = Release;
		};
		05C164F026C434AE00A28E53 /* Debug */ = {
			isa = XCBuildConfiguration;
			buildSettings = {
				ALWAYS_EMBED_SWIFT_STANDARD_LIBRARIES = YES;
				BUNDLE_LOADER = "$(TEST_HOST)";
				CLANG_ENABLE_MODULES = YES;
				CODE_SIGN_STYLE = Automatic;
				DEVELOPMENT_TEAM = 7YNF79H478;
				INFOPLIST_FILE = PetstagramTests/Info.plist;
				IPHONEOS_DEPLOYMENT_TARGET = 14.0;
				LD_RUNPATH_SEARCH_PATHS = (
					"$(inherited)",
					"@executable_path/Frameworks",
					"@loader_path/Frameworks",
				);
				PRODUCT_BUNDLE_IDENTIFIER = com.johnsmithcoder1.PetstagramTests;
				PRODUCT_NAME = "$(TARGET_NAME)";
				SWIFT_OPTIMIZATION_LEVEL = "-Onone";
				SWIFT_VERSION = 5.0;
				TARGETED_DEVICE_FAMILY = "1,2";
				TEST_HOST = "$(BUILT_PRODUCTS_DIR)/Petstagram.app/Petstagram";
			};
			name = Debug;
		};
		05C164F126C434AE00A28E53 /* Release */ = {
			isa = XCBuildConfiguration;
			buildSettings = {
				ALWAYS_EMBED_SWIFT_STANDARD_LIBRARIES = YES;
				BUNDLE_LOADER = "$(TEST_HOST)";
				CLANG_ENABLE_MODULES = YES;
				CODE_SIGN_STYLE = Automatic;
				DEVELOPMENT_TEAM = 7YNF79H478;
				INFOPLIST_FILE = PetstagramTests/Info.plist;
				IPHONEOS_DEPLOYMENT_TARGET = 14.0;
				LD_RUNPATH_SEARCH_PATHS = (
					"$(inherited)",
					"@executable_path/Frameworks",
					"@loader_path/Frameworks",
				);
				PRODUCT_BUNDLE_IDENTIFIER = com.johnsmithcoder1.PetstagramTests;
				PRODUCT_NAME = "$(TARGET_NAME)";
				SWIFT_VERSION = 5.0;
				TARGETED_DEVICE_FAMILY = "1,2";
				TEST_HOST = "$(BUILT_PRODUCTS_DIR)/Petstagram.app/Petstagram";
			};
			name = Release;
		};
		05C164F326C434AE00A28E53 /* Debug */ = {
			isa = XCBuildConfiguration;
			buildSettings = {
				ALWAYS_EMBED_SWIFT_STANDARD_LIBRARIES = YES;
				CODE_SIGN_STYLE = Automatic;
				DEVELOPMENT_TEAM = 7YNF79H478;
				INFOPLIST_FILE = PetstagramUITests/Info.plist;
				LD_RUNPATH_SEARCH_PATHS = (
					"$(inherited)",
					"@executable_path/Frameworks",
					"@loader_path/Frameworks",
				);
				PRODUCT_BUNDLE_IDENTIFIER = com.johnsmithcoder1.PetstagramUITests;
				PRODUCT_NAME = "$(TARGET_NAME)";
				SWIFT_VERSION = 5.0;
				TARGETED_DEVICE_FAMILY = "1,2";
				TEST_TARGET_NAME = Petstagram;
			};
			name = Debug;
		};
		05C164F426C434AE00A28E53 /* Release */ = {
			isa = XCBuildConfiguration;
			buildSettings = {
				ALWAYS_EMBED_SWIFT_STANDARD_LIBRARIES = YES;
				CODE_SIGN_STYLE = Automatic;
				DEVELOPMENT_TEAM = 7YNF79H478;
				INFOPLIST_FILE = PetstagramUITests/Info.plist;
				LD_RUNPATH_SEARCH_PATHS = (
					"$(inherited)",
					"@executable_path/Frameworks",
					"@loader_path/Frameworks",
				);
				PRODUCT_BUNDLE_IDENTIFIER = com.johnsmithcoder1.PetstagramUITests;
				PRODUCT_NAME = "$(TARGET_NAME)";
				SWIFT_VERSION = 5.0;
				TARGETED_DEVICE_FAMILY = "1,2";
				TEST_TARGET_NAME = Petstagram;
			};
			name = Release;
		};
/* End XCBuildConfiguration section */

/* Begin XCConfigurationList section */
		05C164C226C434AA00A28E53 /* Build configuration list for PBXProject "Petstagram" */ = {
			isa = XCConfigurationList;
			buildConfigurations = (
				05C164EA26C434AE00A28E53 /* Debug */,
				05C164EB26C434AE00A28E53 /* Release */,
			);
			defaultConfigurationIsVisible = 0;
			defaultConfigurationName = Release;
		};
		05C164EC26C434AE00A28E53 /* Build configuration list for PBXNativeTarget "Petstagram" */ = {
			isa = XCConfigurationList;
			buildConfigurations = (
				05C164ED26C434AE00A28E53 /* Debug */,
				05C164EE26C434AE00A28E53 /* Release */,
			);
			defaultConfigurationIsVisible = 0;
			defaultConfigurationName = Release;
		};
		05C164EF26C434AE00A28E53 /* Build configuration list for PBXNativeTarget "PetstagramTests" */ = {
			isa = XCConfigurationList;
			buildConfigurations = (
				05C164F026C434AE00A28E53 /* Debug */,
				05C164F126C434AE00A28E53 /* Release */,
			);
			defaultConfigurationIsVisible = 0;
			defaultConfigurationName = Release;
		};
		05C164F226C434AE00A28E53 /* Build configuration list for PBXNativeTarget "PetstagramUITests" */ = {
			isa = XCConfigurationList;
			buildConfigurations = (
				05C164F326C434AE00A28E53 /* Debug */,
				05C164F426C434AE00A28E53 /* Release */,
			);
			defaultConfigurationIsVisible = 0;
			defaultConfigurationName = Release;
		};
/* End XCConfigurationList section */

/* Begin XCRemoteSwiftPackageReference section */
		05C1650526C4669C00A28E53 /* XCRemoteSwiftPackageReference "swifter" */ = {
			isa = XCRemoteSwiftPackageReference;
			repositoryURL = "https://github.com/httpswift/swifter.git";
			requirement = {
				branch = stable;
				kind = branch;
			};
		};
/* End XCRemoteSwiftPackageReference section */

/* Begin XCSwiftPackageProductDependency section */
		05C1650626C4669C00A28E53 /* Swifter */ = {
			isa = XCSwiftPackageProductDependency;
			package = 05C1650526C4669C00A28E53 /* XCRemoteSwiftPackageReference "swifter" */;
			productName = Swifter;
		};
/* End XCSwiftPackageProductDependency section */
	};
	rootObject = 05C164BF26C434AA00A28E53 /* Project object */;
}
